# This file is automatically @generated by Cargo.
# It is not intended for manual editing.
version = 3

[[package]]
name = "anyhow"
version = "1.0.53"
source = "registry+https://github.com/rust-lang/crates.io-index"
checksum = "94a45b455c14666b85fc40a019e8ab9eb75e3a124e05494f5397122bc9eb06e0"

[[package]]
name = "ascii"
version = "1.0.0"
source = "registry+https://github.com/rust-lang/crates.io-index"
checksum = "bbf56136a5198c7b01a49e3afcbef6cf84597273d298f54432926024107b0109"

[[package]]
name = "bitvec"
version = "1.0.0"
source = "registry+https://github.com/rust-lang/crates.io-index"
checksum = "1489fcb93a5bb47da0462ca93ad252ad6af2145cce58d10d46a83931ba9f016b"
dependencies = [
 "funty",
 "radium",
 "tap",
 "wyz",
]

[[package]]
name = "dingo"
version = "0.1.0"
dependencies = [
 "anyhow",
 "ascii",
 "bitvec",
 "pico-args",
]

[[package]]
name = "funty"
version = "2.0.0"
source = "registry+https://github.com/rust-lang/crates.io-index"
checksum = "e6d5a32815ae3f33302d95fdcb2ce17862f8c65363dcfd29360480ba1001fc9c"

[[package]]
name = "pico-args"
version = "0.4.2"
source = "registry+https://github.com/rust-lang/crates.io-index"
checksum = "db8bcd96cb740d03149cbad5518db9fd87126a10ab519c011893b1754134c468"

[[package]]
name = "radium"
version = "0.7.0"
source = "registry+https://github.com/rust-lang/crates.io-index"
checksum = "dc33ff2d4973d518d823d61aa239014831e521c75da58e3df4840d3f47749d09"

[[package]]
name = "tap"
version = "1.0.1"
source = "registry+https://github.com/rust-lang/crates.io-index"
checksum = "55937e1799185b12863d447f42597ed69d9928686b8d88a1df17376a097d8369"

[[package]]
name = "wyz"
version = "0.5.0"
source = "registry+https://github.com/rust-lang/crates.io-index"
checksum = "30b31594f29d27036c383b53b59ed3476874d518f0efb151b27a4c275141390e"
dependencies = [
 "tap",
]
